
Microsoft Visual Studio Solution File, Format Version 12.00
# Visual Studio Version 16
VisualStudioVersion = 16.0.32106.194
MinimumVisualStudioVersion = 10.0.40219.1
Project("{FAE04EC0-301F-11D3-BF4B-00C04F79EFBC}") = "Week_10_Assignment", "Week_10_Assignment.csproj", "{F5ED3275-EF14-461C-AB4E-49E428EA58B5}"
EndProject
Global
	GlobalSection(SolutionConfigurationPlatforms) = preSolution
		Debug|Any CPU = Debug|Any CPU
		Release|Any CPU = Release|Any CPU
	EndGlobalSection
	GlobalSection(ProjectConfigurationPlatforms) = postSolution
		{F5ED3275-EF14-461C-AB4E-49E428EA58B5}.Debug|Any CPU.ActiveCfg = Debug|Any CPU
		{F5ED3275-EF14-461C-AB4E-49E428EA58B5}.Debug|Any CPU.Build.0 = Debug|Any CPU
		{F5ED3275-EF14-461C-AB4E-49E428EA58B5}.Release|Any CPU.ActiveCfg = Release|Any CPU
		{F5ED3275-EF14-461C-AB4E-49E428EA58B5}.Release|Any CPU.Build.0 = Release|Any CPU
	EndGlobalSection
	GlobalSection(SolutionProperties) = preSolution
		HideSolutionNode = FALSE
	EndGlobalSection
	GlobalSection(ExtensibilityGlobals) = postSolution
		SolutionGuid = {0ACB69EC-55C9-492E-AC6E-97D1655B9D3D}
	EndGlobalSection
EndGlobal
